Microsoft Visual Studio Solution File, Format Version 12.00
# Visual Studio Version 17
VisualStudioVersion = 17.5.2.0
MinimumVisualStudioVersion = 10.0.40219.1
Project("{FAE04EC0-301F-11D3-BF4B-00C04F79EFBC}") = "semana3", "semana3.csproj", "{E24B55BB-5338-EBF9-8FA1-D00CE4929950}"
EndProject
Global
	GlobalSection(SolutionConfigurationPlatforms) = preSolution
		Debug|Any CPU = Debug|Any CPU
		Release|Any CPU = Release|Any CPU
	EndGlobalSection
	GlobalSection(ProjectConfigurationPlatforms) = postSolution
		{E24B55BB-5338-EBF9-8FA1-D00CE4929950}.Debug|Any CPU.ActiveCfg = Debug|Any CPU
		{E24B55BB-5338-EBF9-8FA1-D00CE4929950}.Debug|Any CPU.Build.0 = Debug|Any CPU
		{E24B55BB-5338-EBF9-8FA1-D00CE4929950}.Release|Any CPU.ActiveCfg = Release|Any CPU
		{E24B55BB-5338-EBF9-8FA1-D00CE4929950}.Release|Any CPU.Build.0 = Release|Any CPU
	EndGlobalSection
	GlobalSection(SolutionProperties) = preSolution
		HideSolutionNode = FALSE
	EndGlobalSection
	GlobalSection(ExtensibilityGlobals) = postSolution
		SolutionGuid = {50A8186C-926B-439B-87D1-CEC5080AF262}
	EndGlobalSection
EndGlobal
